
Microsoft Visual Studio Solution File, Format Version 12.00
# Visual Studio Version 16
VisualStudioVersion = 16.0.29905.134
MinimumVisualStudioVersion = 10.0.40219.1
Project("{FAE04EC0-301F-11D3-BF4B-00C04F79EFBC}") = "AspNetCore_WebApi_HtmlAgilityPack_Sample", "AspNetCore_WebApi_HtmlAgilityPack_Sample\AspNetCore_WebApi_HtmlAgilityPack_Sample.csproj", "{6ABE54F9-4493-43AD-95F4-2C9F4635EDC3}"
EndProject
Project("{FAE04EC0-301F-11D3-BF4B-00C04F79EFBC}") = "AspNetCore_WebApi_HtmlAgilityPack_Sample.Tests", "AspNetCore_WebApi_HtmlAgilityPack_Sample.Tests\AspNetCore_WebApi_HtmlAgilityPack_Sample.Tests.csproj", "{92FA6B1D-E638-498F-B8EC-F204D578580C}"
EndProject
Global
	GlobalSection(SolutionConfigurationPlatforms) = preSolution
		Debug|Any CPU = Debug|Any CPU
		Release|Any CPU = Release|Any CPU
	EndGlobalSection
	GlobalSection(ProjectConfigurationPlatforms) = postSolution
		{6ABE54F9-4493-43AD-95F4-2C9F4635EDC3}.Debug|Any CPU.ActiveCfg = Debug|Any CPU
		{6ABE54F9-4493-43AD-95F4-2C9F4635EDC3}.Debug|Any CPU.Build.0 = Debug|Any CPU
		{6ABE54F9-4493-43AD-95F4-2C9F4635EDC3}.Release|Any CPU.ActiveCfg = Release|Any CPU
		{6ABE54F9-4493-43AD-95F4-2C9F4635EDC3}.Release|Any CPU.Build.0 = Release|Any CPU
		{92FA6B1D-E638-498F-B8EC-F204D578580C}.Debug|Any CPU.ActiveCfg = Debug|Any CPU
		{92FA6B1D-E638-498F-B8EC-F204D578580C}.Debug|Any CPU.Build.0 = Debug|Any CPU
		{92FA6B1D-E638-498F-B8EC-F204D578580C}.Release|Any CPU.ActiveCfg = Release|Any CPU
		{92FA6B1D-E638-498F-B8EC-F204D578580C}.Release|Any CPU.Build.0 = Release|Any CPU
	EndGlobalSection
	GlobalSection(SolutionProperties) = preSolution
		HideSolutionNode = FALSE
	EndGlobalSection
	GlobalSection(ExtensibilityGlobals) = postSolution
		SolutionGuid = {5A3A9F2C-95D7-4D4D-ACA0-22E1F14A8EDF}
	EndGlobalSection
EndGlobal
